// !$*UTF8*$!
{
	archiveVersion = 1;
	classes = {
	};
	objectVersion = 46;
	objects = {

/* Begin PBXBuildFile section */
		A0D236D1193140130008E360 /* Foundation.framework in Frameworks */ = {isa = PBXBuildFile; fileRef = A0D236D0193140130008E360 /* Foundation.framework */; };
		A0D236D3193140130008E360 /* CoreGraphics.framework in Frameworks */ = {isa = PBXBuildFile; fileRef = A0D236D2193140130008E360 /* CoreGraphics.framework */; };
		A0D236D5193140130008E360 /* UIKit.framework in Frameworks */ = {isa = PBXBuildFile; fileRef = A0D236D4193140130008E360 /* UIKit.framework */; };
		A0D236DB193140140008E360 /* InfoPlist.strings in Resources */ = {isa = PBXBuildFile; fileRef = A0D236D9193140140008E360 /* InfoPlist.strings */; };
		A0D236DD193140140008E360 /* main.m in Sources */ = {isa = PBXBuildFile; fileRef = A0D236DC193140140008E360 /* main.m */; };
		A0D236E1193140140008E360 /* AppDelegate.m in Sources */ = {isa = PBXBuildFile; fileRef = A0D236E0193140140008E360 /* AppDelegate.m */; };
		A0D236E3193140140008E360 /* Images.xcassets in Resources */ = {isa = PBXBuildFile; fileRef = A0D236E2193140140008E360 /* Images.xcassets */; };
		A0D236EA193140140008E360 /* XCTest.framework in Frameworks */ = {isa = PBXBuildFile; fileRef = A0D236E9193140140008E360 /* XCTest.framework */; };
		A0D236EB193140140008E360 /* Foundation.framework in Frameworks */ = {isa = PBXBuildFile; fileRef = A0D236D0193140130008E360 /* Foundation.framework */; };
		A0D236EC193140140008E360 /* UIKit.framework in Frameworks */ = {isa = PBXBuildFile; fileRef = A0D236D4193140130008E360 /* UIKit.framework */; };
		A0D236F4193140140008E360 /* InfoPlist.strings in Resources */ = {isa = PBXBuildFile; fileRef = A0D236F2193140140008E360 /* InfoPlist.strings */; };
		A0D236F6193140140008E360 /* NoXIBTests.m in Sources */ = {isa = PBXBuildFile; fileRef = A0D236F5193140140008E360 /* NoXIBTests.m */; };
/* End PBXBuildFile section */

/* Begin PBXContainerItemProxy section */
		A0D236ED193140140008E360 /* PBXContainerItemProxy */ = {
			isa = PBXContainerItemProxy;
			containerPortal = A0D236C5193140130008E360 /* Project object */;
			proxyType = 1;
			remoteGlobalIDString = A0D236CC193140130008E360;
			remoteInfo = NoXIB;
		};
/* End PBXContainerItemProxy section */

/* Begin PBXFileReference section */
		A0D236CD193140130008E360 /* NoXIB.app */ = {isa = PBXFileReference; explicitFileType = wrapper.application; includeInIndex = 0; path = NoXIB.app; sourceTree = BUILT_PRODUCTS_DIR; };
		A0D236D0193140130008E360 /* Foundation.framework */ = {isa = PBXFileReference; lastKnownFileType = wrapper.framework; name = Foundation.framework; path = System/Library/Frameworks/Foundation.framework; sourceTree = SDKROOT; };
		A0D236D2193140130008E360 /* CoreGraphics.framework */ = {isa = PBXFileReference; lastKnownFileType = wrapper.framework; name = CoreGraphics.framework; path = System/Library/Frameworks/CoreGraphics.framework; sourceTree = SDKROOT; };
		A0D236D4193140130008E360 /* UIKit.framework */ = {isa = PBXFileReference; lastKnownFileType = wrapper.framework; name = UIKit.framework; path = System/Library/Frameworks/UIKit.framework; sourceTree = SDKROOT; };
		A0D236D8193140130008E360 /* NoXIB-Info.plist */ = {isa = PBXFileReference; lastKnownFileType = text.plist.xml; path = "NoXIB-Info.plist"; sourceTree = "<group>"; };
		A0D236DA193140140008E360 /* en */ = {isa = PBXFileReference; lastKnownFileType = text.plist.strings; name = en; path = en.lproj/InfoPlist.strings; sourceTree = "<group>"; };
		A0D236DC193140140008E360 /* main.m */ = {isa = PBXFileReference; lastKnownFileType = sourcecode.c.objc; path = main.m; sourceTree = "<group>"; };
		A0D236DE193140140008E360 /* NoXIB-Prefix.pch */ = {isa = PBXFileReference; lastKnownFileType = sourcecode.c.h; path = "NoXIB-Prefix.pch"; sourceTree = "<group>"; };
		A0D236DF193140140008E360 /* AppDelegate.h */ = {isa = PBXFileReference; lastKnownFileType = sourcecode.c.h; path = AppDelegate.h; sourceTree = "<group>"; };
		A0D236E0193140140008E360 /* AppDelegate.m */ = {isa = PBXFileReference; lastKnownFileType = sourcecode.c.objc; path = AppDelegate.m; sourceTree = "<group>"; };
		A0D236E2193140140008E360 /* Images.xcassets */ = {isa = PBXFileReference; lastKnownFileType = folder.assetcatalog; path = Images.xcassets; sourceTree = "<group>"; };
		A0D236E8193140140008E360 /* NoXIBTests.xctest */ = {isa = PBXFileReference; explicitFileType = wrapper.cfbundle; includeInIndex = 0; path = NoXIBTests.xctest; sourceTree = BUILT_PRODUCTS_DIR; };
		A0D236E9193140140008E360 /* XCTest.framework */ = {isa = PBXFileReference; lastKnownFileType = wrapper.framework; name = XCTest.framework; path = Library/Frameworks/XCTest.framework; sourceTree = DEVELOPER_DIR; };
		A0D236F1193140140008E360 /* NoXIBTests-Info.plist */ = {isa = PBXFileReference; lastKnownFileType = text.plist.xml; path = "NoXIBTests-Info.plist"; sourceTree = "<group>"; };
		A0D236F3193140140008E360 /* en */ = {isa = PBXFileReference; lastKnownFileType = text.plist.strings; name = en; path = en.lproj/InfoPlist.strings; sourceTree = "<group>"; };
		A0D236F5193140140008E360 /* NoXIBTests.m */ = {isa = PBXFileReference; lastKnownFileType = sourcecode.c.objc; path = NoXIBTests.m; sourceTree = "<group>"; };
/* End PBXFileReference section */

/* Begin PBXFrameworksBuildPhase section */
		A0D236CA193140130008E360 /* Frameworks */ = {
			isa = PBXFrameworksBuildPhase;
			buildActionMask = 2147483647;
			files = (
				A0D236D3193140130008E360 /* CoreGraphics.framework in Frameworks */,
				A0D236D5193140130008E360 /* UIKit.framework in Frameworks */,
				A0D236D1193140130008E360 /* Foundation.framework in Frameworks */,
			);
			runOnlyForDeploymentPostprocessing = 0;
		};
		A0D236E5193140140008E360 /* Frameworks */ = {
			isa = PBXFrameworksBuildPhase;
			buildActionMask = 2147483647;
			files = (
				A0D236EA193140140008E360 /* XCTest.framework in Frameworks */,
				A0D236EC193140140008E360 /* UIKit.framework in Frameworks */,
				A0D236EB193140140008E360 /* Foundation.framework in Frameworks */,
			);
			runOnlyForDeploymentPostprocessing = 0;
		};
/* End PBXFrameworksBuildPhase section */

/* Begin PBXGroup section */
		A0D236C4193140130008E360 = {
			isa = PBXGroup;
			children = (
				A0D236D6193140130008E360 /* NoXIB */,
				A0D236EF193140140008E360 /* NoXIBTests */,
				A0D236CF193140130008E360 /* Frameworks */,
				A0D236CE193140130008E360 /* Products */,
			);
			sourceTree = "<group>";
		};
		A0D236CE193140130008E360 /* Products */ = {
			isa = PBXGroup;
			children = (
				A0D236CD193140130008E360 /* NoXIB.app */,
				A0D236E8193140140008E360 /* NoXIBTests.xctest */,
			);
			name = Products;
			sourceTree = "<group>";
		};
		A0D236CF193140130008E360 /* Frameworks */ = {
			isa = PBXGroup;
			children = (
				A0D236D0193140130008E360 /* Foundation.framework */,
				A0D236D2193140130008E360 /* CoreGraphics.framework */,
				A0D236D4193140130008E360 /* UIKit.framework */,
				A0D236E9193140140008E360 /* XCTest.framework */,
			);
			name = Frameworks;
			sourceTree = "<group>";
		};
		A0D236D6193140130008E360 /* NoXIB */ = {
			isa = PBXGroup;
			children = (
				A0D236DF193140140008E360 /* AppDelegate.h */,
				A0D236E0193140140008E360 /* AppDelegate.m */,
				A0D236E2193140140008E360 /* Images.xcassets */,
				A0D236D7193140130008E360 /* Supporting Files */,
			);
			path = NoXIB;
			sourceTree = "<group>";
		};
		A0D236D7193140130008E360 /* Supporting Files */ = {
			isa = PBXGroup;
			children = (
				A0D236D8193140130008E360 /* NoXIB-Info.plist */,
				A0D236D9193140140008E360 /* InfoPlist.strings */,
				A0D236DC193140140008E360 /* main.m */,
				A0D236DE193140140008E360 /* NoXIB-Prefix.pch */,
			);
			name = "Supporting Files";
			sourceTree = "<group>";
		};
		A0D236EF193140140008E360 /* NoXIBTests */ = {
			isa = PBXGroup;
			children = (
				A0D236F5193140140008E360 /* NoXIBTests.m */,
				A0D236F0193140140008E360 /* Supporting Files */,
			);
			path = NoXIBTests;
			sourceTree = "<group>";
		};
		A0D236F0193140140008E360 /* Supporting Files */ = {
			isa = PBXGroup;
			children = (
				A0D236F1193140140008E360 /* NoXIBTests-Info.plist */,
				A0D236F2193140140008E360 /* InfoPlist.strings */,
			);
			name = "Supporting Files";
			sourceTree = "<group>";
		};
/* End PBXGroup section */

/* Begin PBXNativeTarget section */
		A0D236CC193140130008E360 /* NoXIB */ = {
			isa = PBXNativeTarget;
			buildConfigurationList = A0D236F9193140140008E360 /* Build configuration list for PBXNativeTarget "NoXIB" */;
			buildPhases = (
				A0D236C9193140130008E360 /* Sources */,
				A0D236CA193140130008E360 /* Frameworks */,
				A0D236CB193140130008E360 /* Resources */,
			);
			buildRules = (
			);
			dependencies = (
			);
			name = NoXIB;
			productName = NoXIB;
			productReference = A0D236CD193140130008E360 /* NoXIB.app */;
			productType = "com.apple.product-type.application";
		};
		A0D236E7193140140008E360 /* NoXIBTests */ = {
			isa = PBXNativeTarget;
			buildConfigurationList = A0D236FC193140140008E360 /* Build configuration list for PBXNativeTarget "NoXIBTests" */;
			buildPhases = (
				A0D236E4193140140008E360 /* Sources */,
				A0D236E5193140140008E360 /* Frameworks */,
				A0D236E6193140140008E360 /* Resources */,
			);
			buildRules = (
			);
			dependencies = (
				A0D236EE193140140008E360 /* PBXTargetDependency */,
			);
			name = NoXIBTests;
			productName = NoXIBTests;
			productReference = A0D236E8193140140008E360 /* NoXIBTests.xctest */;
			productType = "com.apple.product-type.bundle.unit-test";
		};
/* End PBXNativeTarget section */

/* Begin PBXProject section */
		A0D236C5193140130008E360 /* Project object */ = {
			isa = PBXProject;
			attributes = {
				LastUpgradeCheck = 0510;
				ORGANIZATIONNAME = EnjoyTheApp;
				TargetAttributes = {
					A0D236E7193140140008E360 = {
						TestTargetID = A0D236CC193140130008E360;
					};
				};
			};
			buildConfigurationList = A0D236C8193140130008E360 /* Build configuration list for PBXProject "NoXIB" */;
			compatibilityVersion = "Xcode 3.2";
			developmentRegion = English;
			hasScannedForEncodings = 0;
			knownRegions = (
				en,
			);
			mainGroup = A0D236C4193140130008E360;
			productRefGroup = A0D236CE193140130008E360 /* Products */;
			projectDirPath = "";
			projectRoot = "";
			targets = (
				A0D236CC193140130008E360 /* NoXIB */,
				A0D236E7193140140008E360 /* NoXIBTests */,
			);
		};
/* End PBXProject section */

/* Begin PBXResourcesBuildPhase section */
		A0D236CB193140130008E360 /* Resources */ = {
			isa = PBXResourcesBuildPhase;
			buildActionMask = 2147483647;
			files = (
				A0D236DB193140140008E360 /* InfoPlist.strings in Resources */,
				A0D236E3193140140008E360 /* Images.xcassets in Resources */,
			);
			runOnlyForDeploymentPostprocessing = 0;
		};
		A0D236E6193140140008E360 /* Resources */ = {
			isa = PBXResourcesBuildPhase;
			buildActionMask = 2147483647;
			files = (
				A0D236F4193140140008E360 /* InfoPlist.strings in Resources */,
			);
			runOnlyForDeploymentPostprocessing = 0;
		};
/* End PBXResourcesBuildPhase section */

/* Begin PBXSourcesBuildPhase section */
		A0D236C9193140130008E360 /* Sources */ = {
			isa = PBXSourcesBuildPhase;
			buildActionMask = 2147483647;
			files = (
				A0D236E1193140140008E360 /* AppDelegate.m in Sources */,
				A0D236DD193140140008E360 /* main.m in Sources */,
			);
			runOnlyForDeploymentPostprocessing = 0;
		};
		A0D236E4193140140008E360 /* Sources */ = {
			isa = PBXSourcesBuildPhase;
			buildActionMask = 2147483647;
			files = (
				A0D236F6193140140008E360 /* NoXIBTests.m in Sources */,
			);
			runOnlyForDeploymentPostprocessing = 0;
		};
/* End PBXSourcesBuildPhase section */

/* Begin PBXTargetDependency section */
		A0D236EE193140140008E360 /* PBXTargetDependency */ = {
			isa = PBXTargetDependency;
			target = A0D236CC193140130008E360 /* NoXIB */;
			targetProxy = A0D236ED193140140008E360 /* PBXContainerItemProxy */;
		};
/* End PBXTargetDependency section */

/* Begin PBXVariantGroup section */
		A0D236D9193140140008E360 /* InfoPlist.strings */ = {
			isa = PBXVariantGroup;
			children = (
				A0D236DA193140140008E360 /* en */,
			);
			name = InfoPlist.strings;
			sourceTree = "<group>";
		};
		A0D236F2193140140008E360 /* InfoPlist.strings */ = {
			isa = PBXVariantGroup;
			children = (
				A0D236F3193140140008E360 /* en */,
			);
			name = InfoPlist.strings;
			sourceTree = "<group>";
		};
/* End PBXVariantGroup section */

/* Begin XCBuildConfiguration section */
		A0D236F7193140140008E360 /* Debug */ = {
			isa = XCBuildConfiguration;
			buildSettings = {
				ALWAYS_SEARCH_USER_PATHS = NO;
				CLANG_CXX_LANGUAGE_STANDARD = "gnu++0x";
				CLANG_CXX_LIBRARY = "libc++";
				CLANG_ENABLE_MODULES = YES;
				CLANG_ENABLE_OBJC_ARC = YES;
				CLANG_WARN_BOOL_CONVERSION = YES;
				CLANG_WARN_CONSTANT_CONVERSION = YES;
				CLANG_WARN_DIRECT_OBJC_ISA_USAGE = YES_ERROR;
				CLANG_WARN_EMPTY_BODY = YES;
				CLANG_WARN_ENUM_CONVERSION = YES;
				CLANG_WARN_INT_CONVERSION = YES;
				CLANG_WARN_OBJC_ROOT_CLASS = YES_ERROR;
				CLANG_WARN__DUPLICATE_METHOD_MATCH = YES;
				"CODE_SIGN_IDENTITY[sdk=iphoneos*]" = "iPhone Developer";
				COPY_PHASE_STRIP = NO;
				GCC_C_LANGUAGE_STANDARD = gnu99;
				GCC_DYNAMIC_NO_PIC = NO;
				GCC_OPTIMIZATION_LEVEL = 0;
				GCC_PREPROCESSOR_DEFINITIONS = (
					"DEBUG=1",
					"$(inherited)",
				);
				GCC_SYMBOLS_PRIVATE_EXTERN = NO;
				GCC_WARN_64_TO_32_BIT_CONVERSION = YES;
				GCC_WARN_ABOUT_RETURN_TYPE = YES_ERROR;
				GCC_WARN_UNDECLARED_SELECTOR = YES;
				GCC_WARN_UNINITIALIZED_AUTOS = YES_AGGRESSIVE;
				GCC_WARN_UNUSED_FUNCTION = YES;
				GCC_WARN_UNUSED_VARIABLE = YES;
				IPHONEOS_DEPLOYMENT_TARGET = 7.1;
				ONLY_ACTIVE_ARCH = YES;
				SDKROOT = iphoneos;
			};
			name = Debug;
		};
		A0D236F8193140140008E360 /* Release */ = {
			isa = XCBuildConfiguration;
			buildSettings = {
				ALWAYS_SEARCH_USER_PATHS = NO;
				CLANG_CXX_LANGUAGE_STANDARD = "gnu++0x";
				CLANG_CXX_LIBRARY = "libc++";
				CLANG_ENABLE_MODULES = YES;
				CLANG_ENABLE_OBJC_ARC = YES;
				CLANG_WARN_BOOL_CONVERSION = YES;
				CLANG_WARN_CONSTANT_CONVERSION = YES;
				CLANG_WARN_DIRECT_OBJC_ISA_USAGE = YES_ERROR;
				CLANG_WARN_EMPTY_BODY = YES;
				CLANG_WARN_ENUM_CONVERSION = YES;
				CLANG_WARN_INT_CONVERSION = YES;
				CLANG_WARN_OBJC_ROOT_CLASS = YES_ERROR;
				CLANG_WARN__DUPLICATE_METHOD_MATCH = YES;
				"CODE_SIGN_IDENTITY[sdk=iphoneos*]" = "iPhone Developer";
				COPY_PHASE_STRIP = YES;
				ENABLE_NS_ASSERTIONS = NO;
				GCC_C_LANGUAGE_STANDARD = gnu99;
				GCC_WARN_64_TO_32_BIT_CONVERSION = YES;
				GCC_WARN_ABOUT_RETURN_TYPE = YES_ERROR;
				GCC_WARN_UNDECLARED_SELECTOR = YES;
				GCC_WARN_UNINITIALIZED_AUTOS = YES_AGGRESSIVE;
				GCC_WARN_UNUSED_FUNCTION = YES;
				GCC_WARN_UNUSED_VARIABLE = YES;
				IPHONEOS_DEPLOYMENT_TARGET = 7.1;
				SDKROOT = iphoneos;
				VALIDATE_PRODUCT = YES;
			};
			name = Release;
		};
		A0D236FA193140140008E360 /* Debug */ = {
			isa = XCBuildConfiguration;
			buildSettings = {
				ASSETCATALOG_COMPILER_APPICON_NAME = AppIcon;
				ASSETCATALOG_COMPILER_LAUNCHIMAGE_NAME = LaunchImage;
				GCC_PRECOMPILE_PREFIX_HEADER = YES;
				GCC_PREFIX_HEADER = "NoXIB/NoXIB-Prefix.pch";
				INFOPLIST_FILE = "NoXIB/NoXIB-Info.plist";
				PRODUCT_NAME = "$(TARGET_NAME)";
				WRAPPER_EXTENSION = app;
			};
			name = Debug;
		};
		A0D236FB193140140008E360 /* Release */ = {
			isa = XCBuildConfiguration;
			buildSettings = {
				ASSETCATALOG_COMPILER_APPICON_NAME = AppIcon;
				ASSETCATALOG_COMPILER_LAUNCHIMAGE_NAME = LaunchImage;
				GCC_PRECOMPILE_PREFIX_HEADER = YES;
				GCC_PREFIX_HEADER = "NoXIB/NoXIB-Prefix.pch";
				INFOPLIST_FILE = "NoXIB/NoXIB-Info.plist";
				PRODUCT_NAME = "$(TARGET_NAME)";
				WRAPPER_EXTENSION = app;
			};
			name = Release;
		};
		A0D236FD193140140008E360 /* Debug */ = {
			isa = XCBuildConfiguration;
			buildSettings = {
				BUNDLE_LOADER = "$(BUILT_PRODUCTS_DIR)/NoXIB.app/NoXIB";
				FRAMEWORK_SEARCH_PATHS = (
					"$(SDKROOT)/Developer/Library/Frameworks",
					"$(inherited)",
					"$(DEVELOPER_FRAMEWORKS_DIR)",
				);
				GCC_PRECOMPILE_PREFIX_HEADER = YES;
				GCC_PREFIX_HEADER = "NoXIB/NoXIB-Prefix.pch";
				GCC_PREPROCESSOR_DEFINITIONS = (
					"DEBUG=1",
					"$(inherited)",
				);
				INFOPLIST_FILE = "NoXIBTests/NoXIBTests-Info.plist";
				PRODUCT_NAME = "$(TARGET_NAME)";
				TEST_HOST = "$(BUNDLE_LOADER)";
				WRAPPER_EXTENSION = xctest;
			};
			name = Debug;
		};
		A0D236FE193140140008E360 /* Release */ = {
			isa = XCBuildConfiguration;
			buildSettings = {
				BUNDLE_LOADER = "$(BUILT_PRODUCTS_DIR)/NoXIB.app/NoXIB";
				FRAMEWORK_SEARCH_PATHS = (
					"$(SDKROOT)/Developer/Library/Frameworks",
					"$(inherited)",
					"$(DEVELOPER_FRAMEWORKS_DIR)",
				);
				GCC_PRECOMPILE_PREFIX_HEADER = YES;
				GCC_PREFIX_HEADER = "NoXIB/NoXIB-Prefix.pch";
				INFOPLIST_FILE = "NoXIBTests/NoXIBTests-Info.plist";
				PRODUCT_NAME = "$(TARGET_NAME)";
				TEST_HOST = "$(BUNDLE_LOADER)";
				WRAPPER_EXTENSION = xctest;
			};
			name = Release;
		};
/* End XCBuildConfiguration section */

/* Begin XCConfigurationList section */
		A0D236C8193140130008E360 /* Build configuration list for PBXProject "NoXIB" */ = {
			isa = XCConfigurationList;
			buildConfigurations = (
				A0D236F7193140140008E360 /* Debug */,
				A0D236F8193140140008E360 /* Release */,
			);
			defaultConfigurationIsVisible = 0;
			defaultConfigurationName = Release;
		};
		A0D236F9193140140008E360 /* Build configuration list for PBXNativeTarget "NoXIB" */ = {
			isa = XCConfigurationList;
			buildConfigurations = (
				A0D236FA193140140008E360 /* Debug */,
				A0D236FB193140140008E360 /* Release */,
			);
			defaultConfigurationIsVisible = 0;
		};
		A0D236FC193140140008E360 /* Build configuration list for PBXNativeTarget "NoXIBTests" */ = {
			isa = XCConfigurationList;
			buildConfigurations = (
				A0D236FD193140140008E360 /* Debug */,
				A0D236FE193140140008E360 /* Release */,
			);
			defaultConfigurationIsVisible = 0;
		};
/* End XCConfigurationList section */
	};
	rootObject = A0D236C5193140130008E360 /* Project object */;
}
